
Microsoft Visual Studio Solution File, Format Version 12.00
# Visual Studio Version 17
VisualStudioVersion = 17.11.35327.3
MinimumVisualStudioVersion = 10.0.40219.1
Project("{FAE04EC0-301F-11D3-BF4B-00C04F79EFBC}") = "11.Params", "11.Params\11.Params.csproj", "{C3597268-3255-4AD1-9C90-67919363BB2D}"
EndProject
Global
	GlobalSection(SolutionConfigurationPlatforms) = preSolution
		Debug|Any CPU = Debug|Any CPU
		Release|Any CPU = Release|Any CPU
	EndGlobalSection
	GlobalSection(ProjectConfigurationPlatforms) = postSolution
		{C3597268-3255-4AD1-9C90-67919363BB2D}.Debug|Any CPU.ActiveCfg = Debug|Any CPU
		{C3597268-3255-4AD1-9C90-67919363BB2D}.Debug|Any CPU.Build.0 = Debug|Any CPU
		{C3597268-3255-4AD1-9C90-67919363BB2D}.Release|Any CPU.ActiveCfg = Release|Any CPU
		{C3597268-3255-4AD1-9C90-67919363BB2D}.Release|Any CPU.Build.0 = Release|Any CPU
	EndGlobalSection
	GlobalSection(SolutionProperties) = preSolution
		HideSolutionNode = FALSE
	EndGlobalSection
	GlobalSection(ExtensibilityGlobals) = postSolution
		SolutionGuid = {217A6649-150F-407F-BA9D-2E8AEF033AEA}
	EndGlobalSection
EndGlobal
