
Microsoft Visual Studio Solution File, Format Version 12.00
# Visual Studio Version 17
VisualStudioVersion = 17.8.34511.84
MinimumVisualStudioVersion = 10.0.40219.1
Project("{FAE04EC0-301F-11D3-BF4B-00C04F79EFBC}") = "LabTasksT1", "LabTasksT1\LabTasksT1.csproj", "{5E19668E-49AC-407F-BE09-379316E7D610}"
EndProject
Global
	GlobalSection(SolutionConfigurationPlatforms) = preSolution
		Debug|Any CPU = Debug|Any CPU
		Release|Any CPU = Release|Any CPU
	EndGlobalSection
	GlobalSection(ProjectConfigurationPlatforms) = postSolution
		{5E19668E-49AC-407F-BE09-379316E7D610}.Debug|Any CPU.ActiveCfg = Debug|Any CPU
		{5E19668E-49AC-407F-BE09-379316E7D610}.Debug|Any CPU.Build.0 = Debug|Any CPU
		{5E19668E-49AC-407F-BE09-379316E7D610}.Release|Any CPU.ActiveCfg = Release|Any CPU
		{5E19668E-49AC-407F-BE09-379316E7D610}.Release|Any CPU.Build.0 = Release|Any CPU
	EndGlobalSection
	GlobalSection(SolutionProperties) = preSolution
		HideSolutionNode = FALSE
	EndGlobalSection
	GlobalSection(ExtensibilityGlobals) = postSolution
		SolutionGuid = {BD2DA4CF-F834-49FF-BC54-66172E8C22F9}
	EndGlobalSection
EndGlobal
