
Microsoft Visual Studio Solution File, Format Version 12.00
# Visual Studio Version 17
VisualStudioVersion = 17.11.35327.3
MinimumVisualStudioVersion = 10.0.40219.1
Project("{FAE04EC0-301F-11D3-BF4B-00C04F79EFBC}") = "Structure", "Structure\Structure.csproj", "{24E358A1-2AFB-4EF5-AD30-2BBD0B236401}"
EndProject
Global
	GlobalSection(SolutionConfigurationPlatforms) = preSolution
		Debug|Any CPU = Debug|Any CPU
		Release|Any CPU = Release|Any CPU
	EndGlobalSection
	GlobalSection(ProjectConfigurationPlatforms) = postSolution
		{24E358A1-2AFB-4EF5-AD30-2BBD0B236401}.Debug|Any CPU.ActiveCfg = Debug|Any CPU
		{24E358A1-2AFB-4EF5-AD30-2BBD0B236401}.Debug|Any CPU.Build.0 = Debug|Any CPU
		{24E358A1-2AFB-4EF5-AD30-2BBD0B236401}.Release|Any CPU.ActiveCfg = Release|Any CPU
		{24E358A1-2AFB-4EF5-AD30-2BBD0B236401}.Release|Any CPU.Build.0 = Release|Any CPU
	EndGlobalSection
	GlobalSection(SolutionProperties) = preSolution
		HideSolutionNode = FALSE
	EndGlobalSection
	GlobalSection(ExtensibilityGlobals) = postSolution
		SolutionGuid = {4DB80E29-6FD4-4842-8303-9A6115C5B5BC}
	EndGlobalSection
EndGlobal
