
Microsoft Visual Studio Solution File, Format Version 12.00
# Visual Studio Version 17
VisualStudioVersion = 17.11.35327.3
MinimumVisualStudioVersion = 10.0.40219.1
Project("{FAE04EC0-301F-11D3-BF4B-00C04F79EFBC}") = "selfTest", "selfTest\selfTest.csproj", "{6ED9D173-7CEA-4470-984D-188850813082}"
EndProject
Global
	GlobalSection(SolutionConfigurationPlatforms) = preSolution
		Debug|Any CPU = Debug|Any CPU
		Release|Any CPU = Release|Any CPU
	EndGlobalSection
	GlobalSection(ProjectConfigurationPlatforms) = postSolution
		{6ED9D173-7CEA-4470-984D-188850813082}.Debug|Any CPU.ActiveCfg = Debug|Any CPU
		{6ED9D173-7CEA-4470-984D-188850813082}.Debug|Any CPU.Build.0 = Debug|Any CPU
		{6ED9D173-7CEA-4470-984D-188850813082}.Release|Any CPU.ActiveCfg = Release|Any CPU
		{6ED9D173-7CEA-4470-984D-188850813082}.Release|Any CPU.Build.0 = Release|Any CPU
	EndGlobalSection
	GlobalSection(SolutionProperties) = preSolution
		HideSolutionNode = FALSE
	EndGlobalSection
	GlobalSection(ExtensibilityGlobals) = postSolution
		SolutionGuid = {4AA95D36-6B03-4072-A0D2-C700CB38C447}
	EndGlobalSection
EndGlobal
